
Microsoft Visual Studio Solution File, Format Version 12.00
# Visual Studio Version 17
VisualStudioVersion = 17.6.33723.286
MinimumVisualStudioVersion = 10.0.40219.1
Project("{9A19103F-16F7-4668-BE54-9A1E7A4F7556}") = "Tabrasasa.Serverless.Forms", "Tabrasasa.Serverless.Forms\Tabrasasa.Serverless.Forms.csproj", "{759CB51D-0078-434A-891B-40D7202CC87F}"
EndProject
Project("{9A19103F-16F7-4668-BE54-9A1E7A4F7556}") = "Tabrasa.Serverless.VideoContactShare", "Tabrasa.Serverless.VideoContactShare\Tabrasa.Serverless.VideoContactShare.csproj", "{1308F055-650A-4430-9F49-5122D683870C}"
EndProject
Global
	GlobalSection(SolutionConfigurationPlatforms) = preSolution
		Debug|Any CPU = Debug|Any CPU
		Release|Any CPU = Release|Any CPU
	EndGlobalSection
	GlobalSection(ProjectConfigurationPlatforms) = postSolution
		{759CB51D-0078-434A-891B-40D7202CC87F}.Debug|Any CPU.ActiveCfg = Debug|Any CPU
		{759CB51D-0078-434A-891B-40D7202CC87F}.Debug|Any CPU.Build.0 = Debug|Any CPU
		{759CB51D-0078-434A-891B-40D7202CC87F}.Release|Any CPU.ActiveCfg = Release|Any CPU
		{759CB51D-0078-434A-891B-40D7202CC87F}.Release|Any CPU.Build.0 = Release|Any CPU
		{1308F055-650A-4430-9F49-5122D683870C}.Debug|Any CPU.ActiveCfg = Debug|Any CPU
		{1308F055-650A-4430-9F49-5122D683870C}.Debug|Any CPU.Build.0 = Debug|Any CPU
		{1308F055-650A-4430-9F49-5122D683870C}.Release|Any CPU.ActiveCfg = Release|Any CPU
		{1308F055-650A-4430-9F49-5122D683870C}.Release|Any CPU.Build.0 = Release|Any CPU
	EndGlobalSection
	GlobalSection(SolutionProperties) = preSolution
		HideSolutionNode = FALSE
	EndGlobalSection
	GlobalSection(ExtensibilityGlobals) = postSolution
		SolutionGuid = {F138FE82-6A35-4942-A77F-A175DB0F6C6D}
	EndGlobalSection
EndGlobal
